
Microsoft Visual Studio Solution File, Format Version 12.00
# Visual Studio Version 16
VisualStudioVersion = 16.0.33423.256
MinimumVisualStudioVersion = 10.0.40219.1
Project("{FAE04EC0-301F-11D3-BF4B-00C04F79EFBC}") = "DatabasePRO", "DatabasePRO\DatabasePRO.csproj", "{AC527435-8619-4043-8276-CDCB9045224B}"
EndProject
Global
	GlobalSection(SolutionConfigurationPlatforms) = preSolution
		Debug|Any CPU = Debug|Any CPU
		Release|Any CPU = Release|Any CPU
	EndGlobalSection
	GlobalSection(ProjectConfigurationPlatforms) = postSolution
		{AC527435-8619-4043-8276-CDCB9045224B}.Debug|Any CPU.ActiveCfg = Debug|Any CPU
		{AC527435-8619-4043-8276-CDCB9045224B}.Debug|Any CPU.Build.0 = Debug|Any CPU
		{AC527435-8619-4043-8276-CDCB9045224B}.Release|Any CPU.ActiveCfg = Release|Any CPU
		{AC527435-8619-4043-8276-CDCB9045224B}.Release|Any CPU.Build.0 = Release|Any CPU
	EndGlobalSection
	GlobalSection(SolutionProperties) = preSolution
		HideSolutionNode = FALSE
	EndGlobalSection
	GlobalSection(ExtensibilityGlobals) = postSolution
		SolutionGuid = {9C97DE11-CF5F-4029-A006-9A39AF2850F7}
	EndGlobalSection
EndGlobal
